
Microsoft Visual Studio Solution File, Format Version 12.00
# Visual Studio Version 17
VisualStudioVersion = 17.5.002.0
MinimumVisualStudioVersion = 10.0.40219.1
Project("{9A19103F-16F7-4668-BE54-9A1E7A4F7556}") = "az2003", "az2003.csproj", "{D13FF7B8-5B10-43DE-A45C-8062E527827F}"
EndProject
Global
	GlobalSection(SolutionConfigurationPlatforms) = preSolution
		Debug|Any CPU = Debug|Any CPU
		Release|Any CPU = Release|Any CPU
	EndGlobalSection
	GlobalSection(ProjectConfigurationPlatforms) = postSolution
		{D13FF7B8-5B10-43DE-A45C-8062E527827F}.Debug|Any CPU.ActiveCfg = Debug|Any CPU
		{D13FF7B8-5B10-43DE-A45C-8062E527827F}.Debug|Any CPU.Build.0 = Debug|Any CPU
		{D13FF7B8-5B10-43DE-A45C-8062E527827F}.Release|Any CPU.ActiveCfg = Release|Any CPU
		{D13FF7B8-5B10-43DE-A45C-8062E527827F}.Release|Any CPU.Build.0 = Release|Any CPU
	EndGlobalSection
	GlobalSection(SolutionProperties) = preSolution
		HideSolutionNode = FALSE
	EndGlobalSection
	GlobalSection(ExtensibilityGlobals) = postSolution
		SolutionGuid = {C6115A0C-7A1D-4AD2-B849-97B1B5EB593D}
	EndGlobalSection
EndGlobal
